// !$*UTF8*$!
{
	archiveVersion = 1;
	classes = {
	};
	objectVersion = 46;
	objects = {

/* Begin PBXBuildFile section */
		9B1DC3681AFBBE0700850CDD /* CircumstanceBehavior.swift in Sources */ = {isa = PBXBuildFile; fileRef = 9B1DC3671AFBBE0700850CDD /* CircumstanceBehavior.swift */; };
		9BF5BFF51B025A9A00CE6780 /* SettingTableViewController.swift in Sources */ = {isa = PBXBuildFile; fileRef = 9BF5BFF41B025A9A00CE6780 /* SettingTableViewController.swift */; };
		9BF8B7651AF807C9005BD824 /* AppDelegate.swift in Sources */ = {isa = PBXBuildFile; fileRef = 9BF8B7641AF807C9005BD824 /* AppDelegate.swift */; };
		9BF8B76A1AF807C9005BD824 /* Main.storyboard in Resources */ = {isa = PBXBuildFile; fileRef = 9BF8B7681AF807C9005BD824 /* Main.storyboard */; };
		9BF8B76C1AF807C9005BD824 /* Images.xcassets in Resources */ = {isa = PBXBuildFile; fileRef = 9BF8B76B1AF807C9005BD824 /* Images.xcassets */; };
		9BF8B76F1AF807C9005BD824 /* LaunchScreen.xib in Resources */ = {isa = PBXBuildFile; fileRef = 9BF8B76D1AF807C9005BD824 /* LaunchScreen.xib */; };
		9BF8B77B1AF807C9005BD824 /* BreakoutGameTests.swift in Sources */ = {isa = PBXBuildFile; fileRef = 9BF8B77A1AF807C9005BD824 /* BreakoutGameTests.swift */; };
		9BF8B7851AF80846005BD824 /* TabBarViewController.swift in Sources */ = {isa = PBXBuildFile; fileRef = 9BF8B7841AF80846005BD824 /* TabBarViewController.swift */; };
		9BF8B7871AF80893005BD824 /* GameViewController.swift in Sources */ = {isa = PBXBuildFile; fileRef = 9BF8B7861AF80893005BD824 /* GameViewController.swift */; };
/* End PBXBuildFile section */

/* Begin PBXContainerItemProxy section */
		9BF8B7751AF807C9005BD824 /* PBXContainerItemProxy */ = {
			isa = PBXContainerItemProxy;
			containerPortal = 9BF8B7571AF807C8005BD824 /* Project object */;
			proxyType = 1;
			remoteGlobalIDString = 9BF8B75E1AF807C9005BD824;
			remoteInfo = BreakoutGame;
		};
/* End PBXContainerItemProxy section */

/* Begin PBXFileReference section */
		9B1DC3671AFBBE0700850CDD /* CircumstanceBehavior.swift */ = {isa = PBXFileReference; fileEncoding = 4; lastKnownFileType = sourcecode.swift; path = CircumstanceBehavior.swift; sourceTree = "<group>"; };
		9BF5BFF41B025A9A00CE6780 /* SettingTableViewController.swift */ = {isa = PBXFileReference; fileEncoding = 4; lastKnownFileType = sourcecode.swift; path = SettingTableViewController.swift; sourceTree = "<group>"; };
		9BF8B75F1AF807C9005BD824 /* BreakoutGame.app */ = {isa = PBXFileReference; explicitFileType = wrapper.application; includeInIndex = 0; path = BreakoutGame.app; sourceTree = BUILT_PRODUCTS_DIR; };
		9BF8B7631AF807C9005BD824 /* Info.plist */ = {isa = PBXFileReference; lastKnownFileType = text.plist.xml; path = Info.plist; sourceTree = "<group>"; };
		9BF8B7641AF807C9005BD824 /* AppDelegate.swift */ = {isa = PBXFileReference; lastKnownFileType = sourcecode.swift; path = AppDelegate.swift; sourceTree = "<group>"; };
		9BF8B7691AF807C9005BD824 /* Base */ = {isa = PBXFileReference; lastKnownFileType = file.storyboard; name = Base; path = Base.lproj/Main.storyboard; sourceTree = "<group>"; };
		9BF8B76B1AF807C9005BD824 /* Images.xcassets */ = {isa = PBXFileReference; lastKnownFileType = folder.assetcatalog; path = Images.xcassets; sourceTree = "<group>"; };
		9BF8B76E1AF807C9005BD824 /* Base */ = {isa = PBXFileReference; lastKnownFileType = file.xib; name = Base; path = Base.lproj/LaunchScreen.xib; sourceTree = "<group>"; };
		9BF8B7741AF807C9005BD824 /* BreakoutGameTests.xctest */ = {isa = PBXFileReference; explicitFileType = wrapper.cfbundle; includeInIndex = 0; path = BreakoutGameTests.xctest; sourceTree = BUILT_PRODUCTS_DIR; };
		9BF8B7791AF807C9005BD824 /* Info.plist */ = {isa = PBXFileReference; lastKnownFileType = text.plist.xml; path = Info.plist; sourceTree = "<group>"; };
		9BF8B77A1AF807C9005BD824 /* BreakoutGameTests.swift */ = {isa = PBXFileReference; lastKnownFileType = sourcecode.swift; path = BreakoutGameTests.swift; sourceTree = "<group>"; };
		9BF8B7841AF80846005BD824 /* TabBarViewController.swift */ = {isa = PBXFileReference; fileEncoding = 4; lastKnownFileType = sourcecode.swift; path = TabBarViewController.swift; sourceTree = "<group>"; };
		9BF8B7861AF80893005BD824 /* GameViewController.swift */ = {isa = PBXFileReference; fileEncoding = 4; lastKnownFileType = sourcecode.swift; path = GameViewController.swift; sourceTree = "<group>"; };
/* End PBXFileReference section */

/* Begin PBXFrameworksBuildPhase section */
		9BF8B75C1AF807C9005BD824 /* Frameworks */ = {
			isa = PBXFrameworksBuildPhase;
			buildActionMask = 2147483647;
			files = (
			);
			runOnlyForDeploymentPostprocessing = 0;
		};
		9BF8B7711AF807C9005BD824 /* Frameworks */ = {
			isa = PBXFrameworksBuildPhase;
			buildActionMask = 2147483647;
			files = (
			);
			runOnlyForDeploymentPostprocessing = 0;
		};
/* End PBXFrameworksBuildPhase section */

/* Begin PBXGroup section */
		9BF8B7561AF807C8005BD824 = {
			isa = PBXGroup;
			children = (
				9BF8B7611AF807C9005BD824 /* BreakoutGame */,
				9BF8B7771AF807C9005BD824 /* BreakoutGameTests */,
				9BF8B7601AF807C9005BD824 /* Products */,
			);
			sourceTree = "<group>";
		};
		9BF8B7601AF807C9005BD824 /* Products */ = {
			isa = PBXGroup;
			children = (
				9BF8B75F1AF807C9005BD824 /* BreakoutGame.app */,
				9BF8B7741AF807C9005BD824 /* BreakoutGameTests.xctest */,
			);
			name = Products;
			sourceTree = "<group>";
		};
		9BF8B7611AF807C9005BD824 /* BreakoutGame */ = {
			isa = PBXGroup;
			children = (
				9BF8B7681AF807C9005BD824 /* Main.storyboard */,
				9BF8B7841AF80846005BD824 /* TabBarViewController.swift */,
				9BF8B7861AF80893005BD824 /* GameViewController.swift */,
				9B1DC3671AFBBE0700850CDD /* CircumstanceBehavior.swift */,
				9BF5BFF41B025A9A00CE6780 /* SettingTableViewController.swift */,
				9BF8B7621AF807C9005BD824 /* Supporting Files */,
			);
			path = BreakoutGame;
			sourceTree = "<group>";
		};
		9BF8B7621AF807C9005BD824 /* Supporting Files */ = {
			isa = PBXGroup;
			children = (
				9BF8B7641AF807C9005BD824 /* AppDelegate.swift */,
				9BF8B76B1AF807C9005BD824 /* Images.xcassets */,
				9BF8B76D1AF807C9005BD824 /* LaunchScreen.xib */,
				9BF8B7631AF807C9005BD824 /* Info.plist */,
			);
			name = "Supporting Files";
			sourceTree = "<group>";
		};
		9BF8B7771AF807C9005BD824 /* BreakoutGameTests */ = {
			isa = PBXGroup;
			children = (
				9BF8B77A1AF807C9005BD824 /* BreakoutGameTests.swift */,
				9BF8B7781AF807C9005BD824 /* Supporting Files */,
			);
			path = BreakoutGameTests;
			sourceTree = "<group>";
		};
		9BF8B7781AF807C9005BD824 /* Supporting Files */ = {
			isa = PBXGroup;
			children = (
				9BF8B7791AF807C9005BD824 /* Info.plist */,
			);
			name = "Supporting Files";
			sourceTree = "<group>";
		};
/* End PBXGroup section */

/* Begin PBXNativeTarget section */
		9BF8B75E1AF807C9005BD824 /* BreakoutGame */ = {
			isa = PBXNativeTarget;
			buildConfigurationList = 9BF8B77E1AF807C9005BD824 /* Build configuration list for PBXNativeTarget "BreakoutGame" */;
			buildPhases = (
				9BF8B75B1AF807C9005BD824 /* Sources */,
				9BF8B75C1AF807C9005BD824 /* Frameworks */,
				9BF8B75D1AF807C9005BD824 /* Resources */,
			);
			buildRules = (
			);
			dependencies = (
			);
			name = BreakoutGame;
			productName = BreakoutGame;
			productReference = 9BF8B75F1AF807C9005BD824 /* BreakoutGame.app */;
			productType = "com.apple.product-type.application";
		};
		9BF8B7731AF807C9005BD824 /* BreakoutGameTests */ = {
			isa = PBXNativeTarget;
			buildConfigurationList = 9BF8B7811AF807C9005BD824 /* Build configuration list for PBXNativeTarget "BreakoutGameTests" */;
			buildPhases = (
				9BF8B7701AF807C9005BD824 /* Sources */,
				9BF8B7711AF807C9005BD824 /* Frameworks */,
				9BF8B7721AF807C9005BD824 /* Resources */,
			);
			buildRules = (
			);
			dependencies = (
				9BF8B7761AF807C9005BD824 /* PBXTargetDependency */,
			);
			name = BreakoutGameTests;
			productName = BreakoutGameTests;
			productReference = 9BF8B7741AF807C9005BD824 /* BreakoutGameTests.xctest */;
			productType = "com.apple.product-type.bundle.unit-test";
		};
/* End PBXNativeTarget section */

/* Begin PBXProject section */
		9BF8B7571AF807C8005BD824 /* Project object */ = {
			isa = PBXProject;
			attributes = {
				LastUpgradeCheck = 0630;
				ORGANIZATIONNAME = Lee;
				TargetAttributes = {
					9BF8B75E1AF807C9005BD824 = {
						CreatedOnToolsVersion = 6.3.1;
					};
					9BF8B7731AF807C9005BD824 = {
						CreatedOnToolsVersion = 6.3.1;
						TestTargetID = 9BF8B75E1AF807C9005BD824;
					};
				};
			};
			buildConfigurationList = 9BF8B75A1AF807C8005BD824 /* Build configuration list for PBXProject "BreakoutGame" */;
			compatibilityVersion = "Xcode 3.2";
			developmentRegion = English;
			hasScannedForEncodings = 0;
			knownRegions = (
				en,
				Base,
			);
			mainGroup = 9BF8B7561AF807C8005BD824;
			productRefGroup = 9BF8B7601AF807C9005BD824 /* Products */;
			projectDirPath = "";
			projectRoot = "";
			targets = (
				9BF8B75E1AF807C9005BD824 /* BreakoutGame */,
				9BF8B7731AF807C9005BD824 /* BreakoutGameTests */,
			);
		};
/* End PBXProject section */

/* Begin PBXResourcesBuildPhase section */
		9BF8B75D1AF807C9005BD824 /* Resources */ = {
			isa = PBXResourcesBuildPhase;
			buildActionMask = 2147483647;
			files = (
				9BF8B76A1AF807C9005BD824 /* Main.storyboard in Resources */,
				9BF8B76F1AF807C9005BD824 /* LaunchScreen.xib in Resources */,
				9BF8B76C1AF807C9005BD824 /* Images.xcassets in Resources */,
			);
			runOnlyForDeploymentPostprocessing = 0;
		};
		9BF8B7721AF807C9005BD824 /* Resources */ = {
			isa = PBXResourcesBuildPhase;
			buildActionMask = 2147483647;
			files = (
			);
			runOnlyForDeploymentPostprocessing = 0;
		};
/* End PBXResourcesBuildPhase section */

/* Begin PBXSourcesBuildPhase section */
		9BF8B75B1AF807C9005BD824 /* Sources */ = {
			isa = PBXSourcesBuildPhase;
			buildActionMask = 2147483647;
			files = (
				9BF8B7851AF80846005BD824 /* TabBarViewController.swift in Sources */,
				9BF8B7871AF80893005BD824 /* GameViewController.swift in Sources */,
				9B1DC3681AFBBE0700850CDD /* CircumstanceBehavior.swift in Sources */,
				9BF8B7651AF807C9005BD824 /* AppDelegate.swift in Sources */,
				9BF5BFF51B025A9A00CE6780 /* SettingTableViewController.swift in Sources */,
			);
			runOnlyForDeploymentPostprocessing = 0;
		};
		9BF8B7701AF807C9005BD824 /* Sources */ = {
			isa = PBXSourcesBuildPhase;
			buildActionMask = 2147483647;
			files = (
				9BF8B77B1AF807C9005BD824 /* BreakoutGameTests.swift in Sources */,
			);
			runOnlyForDeploymentPostprocessing = 0;
		};
/* End PBXSourcesBuildPhase section */

/* Begin PBXTargetDependency section */
		9BF8B7761AF807C9005BD824 /* PBXTargetDependency */ = {
			isa = PBXTargetDependency;
			target = 9BF8B75E1AF807C9005BD824 /* BreakoutGame */;
			targetProxy = 9BF8B7751AF807C9005BD824 /* PBXContainerItemProxy */;
		};
/* End PBXTargetDependency section */

/* Begin PBXVariantGroup section */
		9BF8B7681AF807C9005BD824 /* Main.storyboard */ = {
			isa = PBXVariantGroup;
			children = (
				9BF8B7691AF807C9005BD824 /* Base */,
			);
			name = Main.storyboard;
			sourceTree = "<group>";
		};
		9BF8B76D1AF807C9005BD824 /* LaunchScreen.xib */ = {
			isa = PBXVariantGroup;
			children = (
				9BF8B76E1AF807C9005BD824 /* Base */,
			);
			name = LaunchScreen.xib;
			sourceTree = "<group>";
		};
/* End PBXVariantGroup section */

/* Begin XCBuildConfiguration section */
		9BF8B77C1AF807C9005BD824 /* Debug */ = {
			isa = XCBuildConfiguration;
			buildSettings = {
				ALWAYS_SEARCH_USER_PATHS = NO;
				CLANG_CXX_LANGUAGE_STANDARD = "gnu++0x";
				CLANG_CXX_LIBRARY = "libc++";
				CLANG_ENABLE_MODULES = YES;
				CLANG_ENABLE_OBJC_ARC = YES;
				CLANG_WARN_BOOL_CONVERSION = YES;
				CLANG_WARN_CONSTANT_CONVERSION = YES;
				CLANG_WARN_DIRECT_OBJC_ISA_USAGE = YES_ERROR;
				CLANG_WARN_EMPTY_BODY = YES;
				CLANG_WARN_ENUM_CONVERSION = YES;
				CLANG_WARN_INT_CONVERSION = YES;
				CLANG_WARN_OBJC_ROOT_CLASS = YES_ERROR;
				CLANG_WARN_UNREACHABLE_CODE = YES;
				CLANG_WARN__DUPLICATE_METHOD_MATCH = YES;
				"CODE_SIGN_IDENTITY[sdk=iphoneos*]" = "iPhone Developer";
				COPY_PHASE_STRIP = NO;
				DEBUG_INFORMATION_FORMAT = "dwarf-with-dsym";
				ENABLE_STRICT_OBJC_MSGSEND = YES;
				GCC_C_LANGUAGE_STANDARD = gnu99;
				GCC_DYNAMIC_NO_PIC = NO;
				GCC_NO_COMMON_BLOCKS = YES;
				GCC_OPTIMIZATION_LEVEL = 0;
				GCC_PREPROCESSOR_DEFINITIONS = (
					"DEBUG=1",
					"$(inherited)",
				);
				GCC_SYMBOLS_PRIVATE_EXTERN = NO;
				GCC_WARN_64_TO_32_BIT_CONVERSION = YES;
				GCC_WARN_ABOUT_RETURN_TYPE = YES_ERROR;
				GCC_WARN_UNDECLARED_SELECTOR = YES;
				GCC_WARN_UNINITIALIZED_AUTOS = YES_AGGRESSIVE;
				GCC_WARN_UNUSED_FUNCTION = YES;
				GCC_WARN_UNUSED_VARIABLE = YES;
				IPHONEOS_DEPLOYMENT_TARGET = 8.3;
				MTL_ENABLE_DEBUG_INFO = YES;
				ONLY_ACTIVE_ARCH = YES;
				SDKROOT = iphoneos;
				SWIFT_OPTIMIZATION_LEVEL = "-Onone";
				TARGETED_DEVICE_FAMILY = "1,2";
			};
			name = Debug;
		};
		9BF8B77D1AF807C9005BD824 /* Release */ = {
			isa = XCBuildConfiguration;
			buildSettings = {
				ALWAYS_SEARCH_USER_PATHS = NO;
				CLANG_CXX_LANGUAGE_STANDARD = "gnu++0x";
				CLANG_CXX_LIBRARY = "libc++";
				CLANG_ENABLE_MODULES = YES;
				CLANG_ENABLE_OBJC_ARC = YES;
				CLANG_WARN_BOOL_CONVERSION = YES;
				CLANG_WARN_CONSTANT_CONVERSION = YES;
				CLANG_WARN_DIRECT_OBJC_ISA_USAGE = YES_ERROR;
				CLANG_WARN_EMPTY_BODY = YES;
				CLANG_WARN_ENUM_CONVERSION = YES;
				CLANG_WARN_INT_CONVERSION = YES;
				CLANG_WARN_OBJC_ROOT_CLASS = YES_ERROR;
				CLANG_WARN_UNREACHABLE_CODE = YES;
				CLANG_WARN__DUPLICATE_METHOD_MATCH = YES;
				"CODE_SIGN_IDENTITY[sdk=iphoneos*]" = "iPhone Developer";
				COPY_PHASE_STRIP = NO;
				DEBUG_INFORMATION_FORMAT = "dwarf-with-dsym";
				ENABLE_NS_ASSERTIONS = NO;
				ENABLE_STRICT_OBJC_MSGSEND = YES;
				GCC_C_LANGUAGE_STANDARD = gnu99;
				GCC_NO_COMMON_BLOCKS = YES;
				GCC_WARN_64_TO_32_BIT_CONVERSION = YES;
				GCC_WARN_ABOUT_RETURN_TYPE = YES_ERROR;
				GCC_WARN_UNDECLARED_SELECTOR = YES;
				GCC_WARN_UNINITIALIZED_AUTOS = YES_AGGRESSIVE;
				GCC_WARN_UNUSED_FUNCTION = YES;
				GCC_WARN_UNUSED_VARIABLE = YES;
				IPHONEOS_DEPLOYMENT_TARGET = 8.3;
				MTL_ENABLE_DEBUG_INFO = NO;
				SDKROOT = iphoneos;
				TARGETED_DEVICE_FAMILY = "1,2";
				VALIDATE_PRODUCT = YES;
			};
			name = Release;
		};
		9BF8B77F1AF807C9005BD824 /* Debug */ = {
			isa = XCBuildConfiguration;
			buildSettings = {
				ASSETCATALOG_COMPILER_APPICON_NAME = AppIcon;
				INFOPLIST_FILE = BreakoutGame/Info.plist;
				LD_RUNPATH_SEARCH_PATHS = "$(inherited) @executable_path/Frameworks";
				PRODUCT_NAME = "$(TARGET_NAME)";
			};
			name = Debug;
		};
		9BF8B7801AF807C9005BD824 /* Release */ = {
			isa = XCBuildConfiguration;
			buildSettings = {
				ASSETCATALOG_COMPILER_APPICON_NAME = AppIcon;
				INFOPLIST_FILE = BreakoutGame/Info.plist;
				LD_RUNPATH_SEARCH_PATHS = "$(inherited) @executable_path/Frameworks";
				PRODUCT_NAME = "$(TARGET_NAME)";
			};
			name = Release;
		};
		9BF8B7821AF807C9005BD824 /* Debug */ = {
			isa = XCBuildConfiguration;
			buildSettings = {
				BUNDLE_LOADER = "$(TEST_HOST)";
				FRAMEWORK_SEARCH_PATHS = (
					"$(SDKROOT)/Developer/Library/Frameworks",
					"$(inherited)",
				);
				GCC_PREPROCESSOR_DEFINITIONS = (
					"DEBUG=1",
					"$(inherited)",
				);
				INFOPLIST_FILE = BreakoutGameTests/Info.plist;
				LD_RUNPATH_SEARCH_PATHS = "$(inherited) @executable_path/Frameworks @loader_path/Frameworks";
				PRODUCT_NAME = "$(TARGET_NAME)";
				TEST_HOST = "$(BUILT_PRODUCTS_DIR)/BreakoutGame.app/BreakoutGame";
			};
			name = Debug;
		};
		9BF8B7831AF807C9005BD824 /* Release */ = {
			isa = XCBuildConfiguration;
			buildSettings = {
				BUNDLE_LOADER = "$(TEST_HOST)";
				FRAMEWORK_SEARCH_PATHS = (
					"$(SDKROOT)/Developer/Library/Frameworks",
					"$(inherited)",
				);
				INFOPLIST_FILE = BreakoutGameTests/Info.plist;
				LD_RUNPATH_SEARCH_PATHS = "$(inherited) @executable_path/Frameworks @loader_path/Frameworks";
				PRODUCT_NAME = "$(TARGET_NAME)";
				TEST_HOST = "$(BUILT_PRODUCTS_DIR)/BreakoutGame.app/BreakoutGame";
			};
			name = Release;
		};
/* End XCBuildConfiguration section */

/* Begin XCConfigurationList section */
		9BF8B75A1AF807C8005BD824 /* Build configuration list for PBXProject "BreakoutGame" */ = {
			isa = XCConfigurationList;
			buildConfigurations = (
				9BF8B77C1AF807C9005BD824 /* Debug */,
				9BF8B77D1AF807C9005BD824 /* Release */,
			);
			defaultConfigurationIsVisible = 0;
			defaultConfigurationName = Release;
		};
		9BF8B77E1AF807C9005BD824 /* Build configuration list for PBXNativeTarget "BreakoutGame" */ = {
			isa = XCConfigurationList;
			buildConfigurations = (
				9BF8B77F1AF807C9005BD824 /* Debug */,
				9BF8B7801AF807C9005BD824 /* Release */,
			);
			defaultConfigurationIsVisible = 0;
			defaultConfigurationName = Release;
		};
		9BF8B7811AF807C9005BD824 /* Build configuration list for PBXNativeTarget "BreakoutGameTests" */ = {
			isa = XCConfigurationList;
			buildConfigurations = (
				9BF8B7821AF807C9005BD824 /* Debug */,
				9BF8B7831AF807C9005BD824 /* Release */,
			);
			defaultConfigurationIsVisible = 0;
			defaultConfigurationName = Release;
		};
/* End XCConfigurationList section */
	};
	rootObject = 9BF8B7571AF807C8005BD824 /* Project object */;
}
